
Microsoft Visual Studio Solution File, Format Version 12.00
# Visual Studio 14
VisualStudioVersion = 14.0.25123.0
MinimumVisualStudioVersion = 10.0.40219.1
Project("{FAE04EC0-301F-11D3-BF4B-00C04F79EFBC}") = "kRPC-Class-for-RemoteTech-FlightComputer", "kRPC-Class-for-RemoteTech-FlightComputer.csproj", "{A2CE5B07-E883-49AA-B667-3371824240AE}"
EndProject
Global
	GlobalSection(SolutionConfigurationPlatforms) = preSolution
		Debug|Any CPU = Debug|Any CPU
		Release|Any CPU = Release|Any CPU
	EndGlobalSection
	GlobalSection(ProjectConfigurationPlatforms) = postSolution
		{A2CE5B07-E883-49AA-B667-3371824240AE}.Debug|Any CPU.ActiveCfg = Debug|Any CPU
		{A2CE5B07-E883-49AA-B667-3371824240AE}.Debug|Any CPU.Build.0 = Debug|Any CPU
		{A2CE5B07-E883-49AA-B667-3371824240AE}.Release|Any CPU.ActiveCfg = Release|Any CPU
		{A2CE5B07-E883-49AA-B667-3371824240AE}.Release|Any CPU.Build.0 = Release|Any CPU
	EndGlobalSection
	GlobalSection(SolutionProperties) = preSolution
		HideSolutionNode = FALSE
	EndGlobalSection
EndGlobal
